// !$*UTF8*$!
{
	archiveVersion = 1;
	classes = {
	};
	objectVersion = 46;
	objects = {

/* Begin PBXBuildFile section */
		D287AEFB1DBD3390003D8914 /* AppDelegate.swift in Sources */ = {isa = PBXBuildFile; fileRef = D287AEFA1DBD3390003D8914 /* AppDelegate.swift */; };
		D287AF001DBD3390003D8914 /* Main.storyboard in Resources */ = {isa = PBXBuildFile; fileRef = D287AEFE1DBD3390003D8914 /* Main.storyboard */; };
		D287AF021DBD3390003D8914 /* Assets.xcassets in Resources */ = {isa = PBXBuildFile; fileRef = D287AF011DBD3390003D8914 /* Assets.xcassets */; };
		D287AF051DBD3390003D8914 /* LaunchScreen.storyboard in Resources */ = {isa = PBXBuildFile; fileRef = D287AF031DBD3390003D8914 /* LaunchScreen.storyboard */; };
		D287AF101DBD367F003D8914 /* TravelLocationsMapViewController.swift in Sources */ = {isa = PBXBuildFile; fileRef = D287AF0F1DBD367F003D8914 /* TravelLocationsMapViewController.swift */; };
		D287AF121DBD36DD003D8914 /* PhotoAlbumViewController.swift in Sources */ = {isa = PBXBuildFile; fileRef = D287AF111DBD36DD003D8914 /* PhotoAlbumViewController.swift */; };
		D287AF161DBD53A6003D8914 /* UserDefaultKey.swift in Sources */ = {isa = PBXBuildFile; fileRef = D287AF151DBD53A6003D8914 /* UserDefaultKey.swift */; };
		D287AF191DBD70F9003D8914 /* Model.xcdatamodeld in Sources */ = {isa = PBXBuildFile; fileRef = D287AF171DBD70F9003D8914 /* Model.xcdatamodeld */; };
/* End PBXBuildFile section */

/* Begin PBXFileReference section */
		D287AEF71DBD3390003D8914 /* Virtual Tourist.app */ = {isa = PBXFileReference; explicitFileType = wrapper.application; includeInIndex = 0; path = "Virtual Tourist.app"; sourceTree = BUILT_PRODUCTS_DIR; };
		D287AEFA1DBD3390003D8914 /* AppDelegate.swift */ = {isa = PBXFileReference; lastKnownFileType = sourcecode.swift; path = AppDelegate.swift; sourceTree = "<group>"; };
		D287AEFF1DBD3390003D8914 /* Base */ = {isa = PBXFileReference; lastKnownFileType = file.storyboard; name = Base; path = Base.lproj/Main.storyboard; sourceTree = "<group>"; };
		D287AF011DBD3390003D8914 /* Assets.xcassets */ = {isa = PBXFileReference; lastKnownFileType = folder.assetcatalog; path = Assets.xcassets; sourceTree = "<group>"; };
		D287AF041DBD3390003D8914 /* Base */ = {isa = PBXFileReference; lastKnownFileType = file.storyboard; name = Base; path = Base.lproj/LaunchScreen.storyboard; sourceTree = "<group>"; };
		D287AF061DBD3390003D8914 /* Info.plist */ = {isa = PBXFileReference; lastKnownFileType = text.plist.xml; path = Info.plist; sourceTree = "<group>"; };
		D287AF0F1DBD367F003D8914 /* TravelLocationsMapViewController.swift */ = {isa = PBXFileReference; fileEncoding = 4; lastKnownFileType = sourcecode.swift; path = TravelLocationsMapViewController.swift; sourceTree = "<group>"; };
		D287AF111DBD36DD003D8914 /* PhotoAlbumViewController.swift */ = {isa = PBXFileReference; fileEncoding = 4; lastKnownFileType = sourcecode.swift; path = PhotoAlbumViewController.swift; sourceTree = "<group>"; };
		D287AF151DBD53A6003D8914 /* UserDefaultKey.swift */ = {isa = PBXFileReference; fileEncoding = 4; lastKnownFileType = sourcecode.swift; path = UserDefaultKey.swift; sourceTree = "<group>"; };
		D287AF181DBD70F9003D8914 /* Model.xcdatamodel */ = {isa = PBXFileReference; lastKnownFileType = wrapper.xcdatamodel; path = Model.xcdatamodel; sourceTree = "<group>"; };
/* End PBXFileReference section */

/* Begin PBXFrameworksBuildPhase section */
		D287AEF41DBD3390003D8914 /* Frameworks */ = {
			isa = PBXFrameworksBuildPhase;
			buildActionMask = 2147483647;
			files = (
			);
			runOnlyForDeploymentPostprocessing = 0;
		};
/* End PBXFrameworksBuildPhase section */

/* Begin PBXGroup section */
		D287AEEE1DBD3390003D8914 = {
			isa = PBXGroup;
			children = (
				D287AEF91DBD3390003D8914 /* Virtual Tourist */,
				D287AEF81DBD3390003D8914 /* Products */,
			);
			sourceTree = "<group>";
		};
		D287AEF81DBD3390003D8914 /* Products */ = {
			isa = PBXGroup;
			children = (
				D287AEF71DBD3390003D8914 /* Virtual Tourist.app */,
			);
			name = Products;
			sourceTree = "<group>";
		};
		D287AEF91DBD3390003D8914 /* Virtual Tourist */ = {
			isa = PBXGroup;
			children = (
				D287AEFA1DBD3390003D8914 /* AppDelegate.swift */,
				D287AF151DBD53A6003D8914 /* UserDefaultKey.swift */,
				D287AF0C1DBD3643003D8914 /* Model */,
				D287AF0D1DBD364A003D8914 /* View */,
				D287AF0E1DBD3653003D8914 /* Controller */,
				D287AF141DBD463C003D8914 /* Assets */,
				D287AF131DBD4614003D8914 /* Supporting Files */,
			);
			path = "Virtual Tourist";
			sourceTree = "<group>";
		};
		D287AF0C1DBD3643003D8914 /* Model */ = {
			isa = PBXGroup;
			children = (
				D287AF171DBD70F9003D8914 /* Model.xcdatamodeld */,
			);
			name = Model;
			sourceTree = "<group>";
		};
		D287AF0D1DBD364A003D8914 /* View */ = {
			isa = PBXGroup;
			children = (
			);
			name = View;
			sourceTree = "<group>";
		};
		D287AF0E1DBD3653003D8914 /* Controller */ = {
			isa = PBXGroup;
			children = (
				D287AF0F1DBD367F003D8914 /* TravelLocationsMapViewController.swift */,
				D287AF111DBD36DD003D8914 /* PhotoAlbumViewController.swift */,
			);
			name = Controller;
			sourceTree = "<group>";
		};
		D287AF131DBD4614003D8914 /* Supporting Files */ = {
			isa = PBXGroup;
			children = (
				D287AF061DBD3390003D8914 /* Info.plist */,
			);
			name = "Supporting Files";
			sourceTree = "<group>";
		};
		D287AF141DBD463C003D8914 /* Assets */ = {
			isa = PBXGroup;
			children = (
				D287AEFE1DBD3390003D8914 /* Main.storyboard */,
				D287AF011DBD3390003D8914 /* Assets.xcassets */,
				D287AF031DBD3390003D8914 /* LaunchScreen.storyboard */,
			);
			name = Assets;
			sourceTree = "<group>";
		};
/* End PBXGroup section */

/* Begin PBXNativeTarget section */
		D287AEF61DBD3390003D8914 /* Virtual Tourist */ = {
			isa = PBXNativeTarget;
			buildConfigurationList = D287AF091DBD3390003D8914 /* Build configuration list for PBXNativeTarget "Virtual Tourist" */;
			buildPhases = (
				D287AEF31DBD3390003D8914 /* Sources */,
				D287AEF41DBD3390003D8914 /* Frameworks */,
				D287AEF51DBD3390003D8914 /* Resources */,
			);
			buildRules = (
			);
			dependencies = (
			);
			name = "Virtual Tourist";
			productName = "Virtual Tourist";
			productReference = D287AEF71DBD3390003D8914 /* Virtual Tourist.app */;
			productType = "com.apple.product-type.application";
		};
/* End PBXNativeTarget section */

/* Begin PBXProject section */
		D287AEEF1DBD3390003D8914 /* Project object */ = {
			isa = PBXProject;
			attributes = {
				LastSwiftUpdateCheck = 0800;
				LastUpgradeCheck = 0800;
				ORGANIZATIONNAME = "Tobias Helmrich";
				TargetAttributes = {
					D287AEF61DBD3390003D8914 = {
						CreatedOnToolsVersion = 8.0;
						DevelopmentTeam = QT2SGLRBWW;
						ProvisioningStyle = Automatic;
					};
				};
			};
			buildConfigurationList = D287AEF21DBD3390003D8914 /* Build configuration list for PBXProject "Virtual Tourist" */;
			compatibilityVersion = "Xcode 3.2";
			developmentRegion = English;
			hasScannedForEncodings = 0;
			knownRegions = (
				en,
				Base,
			);
			mainGroup = D287AEEE1DBD3390003D8914;
			productRefGroup = D287AEF81DBD3390003D8914 /* Products */;
			projectDirPath = "";
			projectRoot = "";
			targets = (
				D287AEF61DBD3390003D8914 /* Virtual Tourist */,
			);
		};
/* End PBXProject section */

/* Begin PBXResourcesBuildPhase section */
		D287AEF51DBD3390003D8914 /* Resources */ = {
			isa = PBXResourcesBuildPhase;
			buildActionMask = 2147483647;
			files = (
				D287AF051DBD3390003D8914 /* LaunchScreen.storyboard in Resources */,
				D287AF021DBD3390003D8914 /* Assets.xcassets in Resources */,
				D287AF001DBD3390003D8914 /* Main.storyboard in Resources */,
			);
			runOnlyForDeploymentPostprocessing = 0;
		};
/* End PBXResourcesBuildPhase section */

/* Begin PBXSourcesBuildPhase section */
		D287AEF31DBD3390003D8914 /* Sources */ = {
			isa = PBXSourcesBuildPhase;
			buildActionMask = 2147483647;
			files = (
				D287AF161DBD53A6003D8914 /* UserDefaultKey.swift in Sources */,
				D287AEFB1DBD3390003D8914 /* AppDelegate.swift in Sources */,
				D287AF191DBD70F9003D8914 /* Model.xcdatamodeld in Sources */,
				D287AF101DBD367F003D8914 /* TravelLocationsMapViewController.swift in Sources */,
				D287AF121DBD36DD003D8914 /* PhotoAlbumViewController.swift in Sources */,
			);
			runOnlyForDeploymentPostprocessing = 0;
		};
/* End PBXSourcesBuildPhase section */

/* Begin PBXVariantGroup section */
		D287AEFE1DBD3390003D8914 /* Main.storyboard */ = {
			isa = PBXVariantGroup;
			children = (
				D287AEFF1DBD3390003D8914 /* Base */,
			);
			name = Main.storyboard;
			sourceTree = "<group>";
		};
		D287AF031DBD3390003D8914 /* LaunchScreen.storyboard */ = {
			isa = PBXVariantGroup;
			children = (
				D287AF041DBD3390003D8914 /* Base */,
			);
			name = LaunchScreen.storyboard;
			sourceTree = "<group>";
		};
/* End PBXVariantGroup section */

/* Begin XCBuildConfiguration section */
		D287AF071DBD3390003D8914 /* Debug */ = {
			isa = XCBuildConfiguration;
			buildSettings = {
				ALWAYS_SEARCH_USER_PATHS = NO;
				CLANG_ANALYZER_NONNULL = YES;
				CLANG_CXX_LANGUAGE_STANDARD = "gnu++0x";
				CLANG_CXX_LIBRARY = "libc++";
				CLANG_ENABLE_MODULES = YES;
				CLANG_ENABLE_OBJC_ARC = YES;
				CLANG_WARN_BOOL_CONVERSION = YES;
				CLANG_WARN_CONSTANT_CONVERSION = YES;
				CLANG_WARN_DIRECT_OBJC_ISA_USAGE = YES_ERROR;
				CLANG_WARN_DOCUMENTATION_COMMENTS = YES;
				CLANG_WARN_EMPTY_BODY = YES;
				CLANG_WARN_ENUM_CONVERSION = YES;
				CLANG_WARN_INFINITE_RECURSION = YES;
				CLANG_WARN_INT_CONVERSION = YES;
				CLANG_WARN_OBJC_ROOT_CLASS = YES_ERROR;
				CLANG_WARN_SUSPICIOUS_MOVES = YES;
				CLANG_WARN_UNREACHABLE_CODE = YES;
				CLANG_WARN__DUPLICATE_METHOD_MATCH = YES;
				"CODE_SIGN_IDENTITY[sdk=iphoneos*]" = "iPhone Developer";
				COPY_PHASE_STRIP = NO;
				DEBUG_INFORMATION_FORMAT = dwarf;
				ENABLE_STRICT_OBJC_MSGSEND = YES;
				ENABLE_TESTABILITY = YES;
				GCC_C_LANGUAGE_STANDARD = gnu99;
				GCC_DYNAMIC_NO_PIC = NO;
				GCC_NO_COMMON_BLOCKS = YES;
				GCC_OPTIMIZATION_LEVEL = 0;
				GCC_PREPROCESSOR_DEFINITIONS = (
					"DEBUG=1",
					"$(inherited)",
				);
				GCC_WARN_64_TO_32_BIT_CONVERSION = YES;
				GCC_WARN_ABOUT_RETURN_TYPE = YES_ERROR;
				GCC_WARN_UNDECLARED_SELECTOR = YES;
				GCC_WARN_UNINITIALIZED_AUTOS = YES_AGGRESSIVE;
				GCC_WARN_UNUSED_FUNCTION = YES;
				GCC_WARN_UNUSED_VARIABLE = YES;
				IPHONEOS_DEPLOYMENT_TARGET = 10.0;
				MTL_ENABLE_DEBUG_INFO = YES;
				ONLY_ACTIVE_ARCH = YES;
				SDKROOT = iphoneos;
				SWIFT_ACTIVE_COMPILATION_CONDITIONS = DEBUG;
				SWIFT_OPTIMIZATION_LEVEL = "-Onone";
				TARGETED_DEVICE_FAMILY = "1,2";
			};
			name = Debug;
		};
		D287AF081DBD3390003D8914 /* Release */ = {
			isa = XCBuildConfiguration;
			buildSettings = {
				ALWAYS_SEARCH_USER_PATHS = NO;
				CLANG_ANALYZER_NONNULL = YES;
				CLANG_CXX_LANGUAGE_STANDARD = "gnu++0x";
				CLANG_CXX_LIBRARY = "libc++";
				CLANG_ENABLE_MODULES = YES;
				CLANG_ENABLE_OBJC_ARC = YES;
				CLANG_WARN_BOOL_CONVERSION = YES;
				CLANG_WARN_CONSTANT_CONVERSION = YES;
				CLANG_WARN_DIRECT_OBJC_ISA_USAGE = YES_ERROR;
				CLANG_WARN_DOCUMENTATION_COMMENTS = YES;
				CLANG_WARN_EMPTY_BODY = YES;
				CLANG_WARN_ENUM_CONVERSION = YES;
				CLANG_WARN_INFINITE_RECURSION = YES;
				CLANG_WARN_INT_CONVERSION = YES;
				CLANG_WARN_OBJC_ROOT_CLASS = YES_ERROR;
				CLANG_WARN_SUSPICIOUS_MOVES = YES;
				CLANG_WARN_UNREACHABLE_CODE = YES;
				CLANG_WARN__DUPLICATE_METHOD_MATCH = YES;
				"CODE_SIGN_IDENTITY[sdk=iphoneos*]" = "iPhone Developer";
				COPY_PHASE_STRIP = NO;
				DEBUG_INFORMATION_FORMAT = "dwarf-with-dsym";
				ENABLE_NS_ASSERTIONS = NO;
				ENABLE_STRICT_OBJC_MSGSEND = YES;
				GCC_C_LANGUAGE_STANDARD = gnu99;
				GCC_NO_COMMON_BLOCKS = YES;
				GCC_WARN_64_TO_32_BIT_CONVERSION = YES;
				GCC_WARN_ABOUT_RETURN_TYPE = YES_ERROR;
				GCC_WARN_UNDECLARED_SELECTOR = YES;
				GCC_WARN_UNINITIALIZED_AUTOS = YES_AGGRESSIVE;
				GCC_WARN_UNUSED_FUNCTION = YES;
				GCC_WARN_UNUSED_VARIABLE = YES;
				IPHONEOS_DEPLOYMENT_TARGET = 10.0;
				MTL_ENABLE_DEBUG_INFO = NO;
				SDKROOT = iphoneos;
				SWIFT_OPTIMIZATION_LEVEL = "-Owholemodule";
				TARGETED_DEVICE_FAMILY = "1,2";
				VALIDATE_PRODUCT = YES;
			};
			name = Release;
		};
		D287AF0A1DBD3390003D8914 /* Debug */ = {
			isa = XCBuildConfiguration;
			buildSettings = {
				ASSETCATALOG_COMPILER_APPICON_NAME = AppIcon;
				DEVELOPMENT_TEAM = QT2SGLRBWW;
				INFOPLIST_FILE = "Virtual Tourist/Info.plist";
				LD_RUNPATH_SEARCH_PATHS = "$(inherited) @executable_path/Frameworks";
				PRODUCT_BUNDLE_IDENTIFIER = "de.tobias-helmrich.Virtual-Tourist";
				PRODUCT_NAME = "$(TARGET_NAME)";
				SWIFT_VERSION = 3.0;
			};
			name = Debug;
		};
		D287AF0B1DBD3390003D8914 /* Release */ = {
			isa = XCBuildConfiguration;
			buildSettings = {
				ASSETCATALOG_COMPILER_APPICON_NAME = AppIcon;
				DEVELOPMENT_TEAM = QT2SGLRBWW;
				INFOPLIST_FILE = "Virtual Tourist/Info.plist";
				LD_RUNPATH_SEARCH_PATHS = "$(inherited) @executable_path/Frameworks";
				PRODUCT_BUNDLE_IDENTIFIER = "de.tobias-helmrich.Virtual-Tourist";
				PRODUCT_NAME = "$(TARGET_NAME)";
				SWIFT_VERSION = 3.0;
			};
			name = Release;
		};
/* End XCBuildConfiguration section */

/* Begin XCConfigurationList section */
		D287AEF21DBD3390003D8914 /* Build configuration list for PBXProject "Virtual Tourist" */ = {
			isa = XCConfigurationList;
			buildConfigurations = (
				D287AF071DBD3390003D8914 /* Debug */,
				D287AF081DBD3390003D8914 /* Release */,
			);
			defaultConfigurationIsVisible = 0;
			defaultConfigurationName = Release;
		};
		D287AF091DBD3390003D8914 /* Build configuration list for PBXNativeTarget "Virtual Tourist" */ = {
			isa = XCConfigurationList;
			buildConfigurations = (
				D287AF0A1DBD3390003D8914 /* Debug */,
				D287AF0B1DBD3390003D8914 /* Release */,
			);
			defaultConfigurationIsVisible = 0;
		};
/* End XCConfigurationList section */

/* Begin XCVersionGroup section */
		D287AF171DBD70F9003D8914 /* Model.xcdatamodeld */ = {
			isa = XCVersionGroup;
			children = (
				D287AF181DBD70F9003D8914 /* Model.xcdatamodel */,
			);
			currentVersion = D287AF181DBD70F9003D8914 /* Model.xcdatamodel */;
			path = Model.xcdatamodeld;
			sourceTree = "<group>";
			versionGroupType = wrapper.xcdatamodel;
		};
/* End XCVersionGroup section */
	};
	rootObject = D287AEEF1DBD3390003D8914 /* Project object */;
}
